# This file is autogenerated, do not edit; changes may be undone by the next 'dep ensure'.


[[projects]]
  name = "github.com/certifi/gocertifi"
  packages = ["."]
  revision = "a4ab0227d360091084658029ec8ae45f989fba3e"
  version = "2017.11.05"

[[projects]]
  branch = "master"
  name = "github.com/getsentry/raven-go"
  packages = ["."]
  revision = "1452f6376ddb15c546b6d7567e1d9518765391b5"

[[projects]]
  name = "gopkg.in/clever/kayvee-go.v2"
  packages = ["."]
  revision = "f22678e173a41725762e243290eca4dd3939b33b"
  version = "v2.4.0"

[solve-meta]
  analyzer-name = "dep"
  analyzer-version = 1
  inputs-digest = "78acc07ba22d9852543f6dfb67fa948cebf824c01de93ef30f96cee4d502641a"
  solver-name = "gps-cdcl"
  solver-version = 1
